{
  "lockfileVersion": 1,
  "configVersion": 0,
  "workspaces": {
    "": {
      "name": "workflow-canvas",
      "dependencies": {
        "clsx": "^2.1.1",
        "file-saver": "^2.0.5",
        "js-yaml": "^4.1.1",
        "jszip": "^3.10.1",
        "lucide-react": "^0.564.0",
        "react-window": "^2.2.7",
        "reactflow": "11.10.1",
      },
      "devDependencies": {
        "@rollup/plugin-commonjs": "^25.0.7",
        "@rollup/plugin-node-resolve": "^15.2.3",
        "@rollup/plugin-typescript": "^11.1.6",
        "@types/file-saver": "^2.0.7",
        "@types/js-yaml": "^4.0.9",
        "@types/node": "^25.2.3",
        "@types/react": "^18.2.55",
        "@types/react-dom": "^18.2.19",
        "@types/react-window": "^2.0.0",
        "autoprefixer": "^10.4.20",
        "postcss": "^8.4.49",
        "rollup": "^4.9.6",
        "rollup-plugin-peer-deps-external": "^2.2.4",
        "rollup-plugin-postcss": "^4.0.2",
        "tailwindcss": "^3.4.1",
        "tslib": "^2.8.1",
        "typescript": "^5.3.3",
      },
      "peerDependencies": {
        "react": "^18.0.0",
        "react-dom": "^18.0.0",
      },
    },
  },
  "packages": {
    "@alloc/quick-lru": ["@alloc/quick-lru@5.2.0", "", {}, ""],

    "@jridgewell/gen-mapping": ["@jridgewell/gen-mapping@0.3.13", "", { "dependencies": { "@jridgewell/sourcemap-codec": "^1.5.0", "@jridgewell/trace-mapping": "^0.3.24" } }, ""],

    "@jridgewell/resolve-uri": ["@jridgewell/resolve-uri@3.1.2", "", {}, ""],

    "@jridgewell/sourcemap-codec": ["@jridgewell/sourcemap-codec@1.5.5", "", {}, ""],

    "@jridgewell/trace-mapping": ["@jridgewell/trace-mapping@0.3.31", "", { "dependencies": { "@jridgewell/resolve-uri": "^3.1.0", "@jridgewell/sourcemap-codec": "^1.4.14" } }, ""],

    "@nodelib/fs.scandir": ["@nodelib/fs.scandir@2.1.5", "", { "dependencies": { "@nodelib/fs.stat": "2.0.5", "run-parallel": "^1.1.9" } }, ""],

    "@nodelib/fs.stat": ["@nodelib/fs.stat@2.0.5", "", {}, ""],

    "@nodelib/fs.walk": ["@nodelib/fs.walk@1.2.8", "", { "dependencies": { "@nodelib/fs.scandir": "2.1.5", "fastq": "^1.6.0" } }, ""],

    "@reactflow/background": ["@reactflow/background@11.3.6", "", { "dependencies": { "@reactflow/core": "11.10.1", "classcat": "^5.0.3", "zustand": "^4.4.1" }, "peerDependencies": { "react": ">=17", "react-dom": ">=17" } }, ""],

    "@reactflow/controls": ["@reactflow/controls@11.2.6", "", { "dependencies": { "@reactflow/core": "11.10.1", "classcat": "^5.0.3", "zustand": "^4.4.1" }, "peerDependencies": { "react": ">=17", "react-dom": ">=17" } }, ""],

    "@reactflow/core": ["@reactflow/core@11.10.1", "", { "dependencies": { "@types/d3": "^7.4.0", "@types/d3-drag": "^3.0.1", "@types/d3-selection": "^3.0.3", "@types/d3-zoom": "^3.0.1", "classcat": "^5.0.3", "d3-drag": "^3.0.0", "d3-selection": "^3.0.0", "d3-zoom": "^3.0.0", "zustand": "^4.4.1" }, "peerDependencies": { "react": ">=17", "react-dom": ">=17" } }, ""],

    "@reactflow/minimap": ["@reactflow/minimap@11.7.6", "", { "dependencies": { "@reactflow/core": "11.10.1", "@types/d3-selection": "^3.0.3", "@types/d3-zoom": "^3.0.1", "classcat": "^5.0.3", "d3-selection": "^3.0.0", "d3-zoom": "^3.0.0", "zustand": "^4.4.1" }, "peerDependencies": { "react": ">=17", "react-dom": ">=17" } }, ""],

    "@reactflow/node-resizer": ["@reactflow/node-resizer@2.2.6", "", { "dependencies": { "@reactflow/core": "11.10.1", "classcat": "^5.0.4", "d3-drag": "^3.0.0", "d3-selection": "^3.0.0", "zustand": "^4.4.1" }, "peerDependencies": { "react": ">=17", "react-dom": ">=17" } }, ""],

    "@reactflow/node-toolbar": ["@reactflow/node-toolbar@1.3.6", "", { "dependencies": { "@reactflow/core": "11.10.1", "classcat": "^5.0.3", "zustand": "^4.4.1" }, "peerDependencies": { "react": ">=17", "react-dom": ">=17" } }, ""],

    "@rollup/plugin-commonjs": ["@rollup/plugin-commonjs@25.0.8", "", { "dependencies": { "@rollup/pluginutils": "^5.0.1", "commondir": "^1.0.1", "estree-walker": "^2.0.2", "glob": "^8.0.3", "is-reference": "1.2.1", "magic-string": "^0.30.3" }, "peerDependencies": { "rollup": "^2.68.0||^3.0.0||^4.0.0" } }, ""],

    "@rollup/plugin-node-resolve": ["@rollup/plugin-node-resolve@15.3.1", "", { "dependencies": { "@rollup/pluginutils": "^5.0.1", "@types/resolve": "1.20.2", "deepmerge": "^4.2.2", "is-module": "^1.0.0", "resolve": "^1.22.1" }, "peerDependencies": { "rollup": "^2.78.0||^3.0.0||^4.0.0" } }, ""],

    "@rollup/plugin-typescript": ["@rollup/plugin-typescript@11.1.6", "", { "dependencies": { "@rollup/pluginutils": "^5.1.0", "resolve": "^1.22.1" }, "peerDependencies": { "rollup": "^2.14.0||^3.0.0||^4.0.0", "tslib": "*", "typescript": ">=3.7.0" } }, ""],

    "@rollup/pluginutils": ["@rollup/pluginutils@5.3.0", "", { "dependencies": { "@types/estree": "^1.0.0", "estree-walker": "^2.0.2", "picomatch": "^4.0.2" }, "peerDependencies": { "rollup": "^1.20.0||^2.0.0||^3.0.0||^4.0.0" } }, ""],

    "@rollup/rollup-android-arm-eabi": ["@rollup/rollup-android-arm-eabi@4.57.1", "", { "os": "android", "cpu": "arm" }, "sha512-A6ehUVSiSaaliTxai040ZpZ2zTevHYbvu/lDoeAteHI8QnaosIzm4qwtezfRg1jOYaUmnzLX1AOD6Z+UJjtifg=="],

    "@rollup/rollup-android-arm64": ["@rollup/rollup-android-arm64@4.57.1", "", { "os": "android", "cpu": "arm64" }, "sha512-dQaAddCY9YgkFHZcFNS/606Exo8vcLHwArFZ7vxXq4rigo2bb494/xKMMwRRQW6ug7Js6yXmBZhSBRuBvCCQ3w=="],

    "@rollup/rollup-darwin-arm64": ["@rollup/rollup-darwin-arm64@4.57.1", "", { "os": "darwin", "cpu": "arm64" }, "sha512-crNPrwJOrRxagUYeMn/DZwqN88SDmwaJ8Cvi/TN1HnWBU7GwknckyosC2gd0IqYRsHDEnXf328o9/HC6OkPgOg=="],

    "@rollup/rollup-darwin-x64": ["@rollup/rollup-darwin-x64@4.57.1", "", { "os": "darwin", "cpu": "x64" }, "sha512-Ji8g8ChVbKrhFtig5QBV7iMaJrGtpHelkB3lsaKzadFBe58gmjfGXAOfI5FV0lYMH8wiqsxKQ1C9B0YTRXVy4w=="],

    "@rollup/rollup-freebsd-arm64": ["@rollup/rollup-freebsd-arm64@4.57.1", "", { "os": "freebsd", "cpu": "arm64" }, "sha512-R+/WwhsjmwodAcz65guCGFRkMb4gKWTcIeLy60JJQbXrJ97BOXHxnkPFrP+YwFlaS0m+uWJTstrUA9o+UchFug=="],

    "@rollup/rollup-freebsd-x64": ["@rollup/rollup-freebsd-x64@4.57.1", "", { "os": "freebsd", "cpu": "x64" }, "sha512-IEQTCHeiTOnAUC3IDQdzRAGj3jOAYNr9kBguI7MQAAZK3caezRrg0GxAb6Hchg4lxdZEI5Oq3iov/w/hnFWY9Q=="],

    "@rollup/rollup-linux-arm-gnueabihf": ["@rollup/rollup-linux-arm-gnueabihf@4.57.1", "", { "os": "linux", "cpu": "arm" }, "sha512-F8sWbhZ7tyuEfsmOxwc2giKDQzN3+kuBLPwwZGyVkLlKGdV1nvnNwYD0fKQ8+XS6hp9nY7B+ZeK01EBUE7aHaw=="],

    "@rollup/rollup-linux-arm-musleabihf": ["@rollup/rollup-linux-arm-musleabihf@4.57.1", "", { "os": "linux", "cpu": "arm" }, "sha512-rGfNUfn0GIeXtBP1wL5MnzSj98+PZe/AXaGBCRmT0ts80lU5CATYGxXukeTX39XBKsxzFpEeK+Mrp9faXOlmrw=="],

    "@rollup/rollup-linux-arm64-gnu": ["@rollup/rollup-linux-arm64-gnu@4.57.1", "", { "os": "linux", "cpu": "arm64" }, "sha512-MMtej3YHWeg/0klK2Qodf3yrNzz6CGjo2UntLvk2RSPlhzgLvYEB3frRvbEF2wRKh1Z2fDIg9KRPe1fawv7C+g=="],

    "@rollup/rollup-linux-arm64-musl": ["@rollup/rollup-linux-arm64-musl@4.57.1", "", { "os": "linux", "cpu": "arm64" }, "sha512-1a/qhaaOXhqXGpMFMET9VqwZakkljWHLmZOX48R0I/YLbhdxr1m4gtG1Hq7++VhVUmf+L3sTAf9op4JlhQ5u1Q=="],

    "@rollup/rollup-linux-loong64-gnu": ["@rollup/rollup-linux-loong64-gnu@4.57.1", "", { "os": "linux", "cpu": "none" }, "sha512-QWO6RQTZ/cqYtJMtxhkRkidoNGXc7ERPbZN7dVW5SdURuLeVU7lwKMpo18XdcmpWYd0qsP1bwKPf7DNSUinhvA=="],

    "@rollup/rollup-linux-loong64-musl": ["@rollup/rollup-linux-loong64-musl@4.57.1", "", { "os": "linux", "cpu": "none" }, "sha512-xpObYIf+8gprgWaPP32xiN5RVTi/s5FCR+XMXSKmhfoJjrpRAjCuuqQXyxUa/eJTdAE6eJ+KDKaoEqjZQxh3Gw=="],

    "@rollup/rollup-linux-ppc64-gnu": ["@rollup/rollup-linux-ppc64-gnu@4.57.1", "", { "os": "linux", "cpu": "ppc64" }, "sha512-4BrCgrpZo4hvzMDKRqEaW1zeecScDCR+2nZ86ATLhAoJ5FQ+lbHVD3ttKe74/c7tNT9c6F2viwB3ufwp01Oh2w=="],

    "@rollup/rollup-linux-ppc64-musl": ["@rollup/rollup-linux-ppc64-musl@4.57.1", "", { "os": "linux", "cpu": "ppc64" }, "sha512-NOlUuzesGauESAyEYFSe3QTUguL+lvrN1HtwEEsU2rOwdUDeTMJdO5dUYl/2hKf9jWydJrO9OL/XSSf65R5+Xw=="],

    "@rollup/rollup-linux-riscv64-gnu": ["@rollup/rollup-linux-riscv64-gnu@4.57.1", "", { "os": "linux", "cpu": "none" }, "sha512-ptA88htVp0AwUUqhVghwDIKlvJMD/fmL/wrQj99PRHFRAG6Z5nbWoWG4o81Nt9FT+IuqUQi+L31ZKAFeJ5Is+A=="],

    "@rollup/rollup-linux-riscv64-musl": ["@rollup/rollup-linux-riscv64-musl@4.57.1", "", { "os": "linux", "cpu": "none" }, "sha512-S51t7aMMTNdmAMPpBg7OOsTdn4tySRQvklmL3RpDRyknk87+Sp3xaumlatU+ppQ+5raY7sSTcC2beGgvhENfuw=="],

    "@rollup/rollup-linux-s390x-gnu": ["@rollup/rollup-linux-s390x-gnu@4.57.1", "", { "os": "linux", "cpu": "s390x" }, "sha512-Bl00OFnVFkL82FHbEqy3k5CUCKH6OEJL54KCyx2oqsmZnFTR8IoNqBF+mjQVcRCT5sB6yOvK8A37LNm/kPJiZg=="],

    "@rollup/rollup-linux-x64-gnu": ["@rollup/rollup-linux-x64-gnu@4.57.1", "", { "os": "linux", "cpu": "x64" }, ""],

    "@rollup/rollup-linux-x64-musl": ["@rollup/rollup-linux-x64-musl@4.57.1", "", { "os": "linux", "cpu": "x64" }, ""],

    "@rollup/rollup-openbsd-x64": ["@rollup/rollup-openbsd-x64@4.57.1", "", { "os": "openbsd", "cpu": "x64" }, "sha512-H+hXEv9gdVQuDTgnqD+SQffoWoc0Of59AStSzTEj/feWTBAnSfSD3+Dql1ZruJQxmykT/JVY0dE8Ka7z0DH1hw=="],

    "@rollup/rollup-openharmony-arm64": ["@rollup/rollup-openharmony-arm64@4.57.1", "", { "os": "none", "cpu": "arm64" }, "sha512-4wYoDpNg6o/oPximyc/NG+mYUejZrCU2q+2w6YZqrAs2UcNUChIZXjtafAiiZSUc7On8v5NyNj34Kzj/Ltk6dQ=="],

    "@rollup/rollup-win32-arm64-msvc": ["@rollup/rollup-win32-arm64-msvc@4.57.1", "", { "os": "win32", "cpu": "arm64" }, "sha512-O54mtsV/6LW3P8qdTcamQmuC990HDfR71lo44oZMZlXU4tzLrbvTii87Ni9opq60ds0YzuAlEr/GNwuNluZyMQ=="],

    "@rollup/rollup-win32-ia32-msvc": ["@rollup/rollup-win32-ia32-msvc@4.57.1", "", { "os": "win32", "cpu": "ia32" }, "sha512-P3dLS+IerxCT/7D2q2FYcRdWRl22dNbrbBEtxdWhXrfIMPP9lQhb5h4Du04mdl5Woq05jVCDPCMF7Ub0NAjIew=="],

    "@rollup/rollup-win32-x64-gnu": ["@rollup/rollup-win32-x64-gnu@4.57.1", "", { "os": "win32", "cpu": "x64" }, "sha512-VMBH2eOOaKGtIJYleXsi2B8CPVADrh+TyNxJ4mWPnKfLB/DBUmzW+5m1xUrcwWoMfSLagIRpjUFeW5CO5hyciQ=="],

    "@rollup/rollup-win32-x64-msvc": ["@rollup/rollup-win32-x64-msvc@4.57.1", "", { "os": "win32", "cpu": "x64" }, "sha512-mxRFDdHIWRxg3UfIIAwCm6NzvxG0jDX/wBN6KsQFTvKFqqg9vTrWUE68qEjHt19A5wwx5X5aUi2zuZT7YR0jrA=="],

    "@trysound/sax": ["@trysound/sax@0.2.0", "", {}, ""],

    "@types/d3": ["@types/d3@7.4.3", "", { "dependencies": { "@types/d3-array": "*", "@types/d3-axis": "*", "@types/d3-brush": "*", "@types/d3-chord": "*", "@types/d3-color": "*", "@types/d3-contour": "*", "@types/d3-delaunay": "*", "@types/d3-dispatch": "*", "@types/d3-drag": "*", "@types/d3-dsv": "*", "@types/d3-ease": "*", "@types/d3-fetch": "*", "@types/d3-force": "*", "@types/d3-format": "*", "@types/d3-geo": "*", "@types/d3-hierarchy": "*", "@types/d3-interpolate": "*", "@types/d3-path": "*", "@types/d3-polygon": "*", "@types/d3-quadtree": "*", "@types/d3-random": "*", "@types/d3-scale": "*", "@types/d3-scale-chromatic": "*", "@types/d3-selection": "*", "@types/d3-shape": "*", "@types/d3-time": "*", "@types/d3-time-format": "*", "@types/d3-timer": "*", "@types/d3-transition": "*", "@types/d3-zoom": "*" } }, ""],

    "@types/d3-array": ["@types/d3-array@3.2.2", "", {}, ""],

    "@types/d3-axis": ["@types/d3-axis@3.0.6", "", { "dependencies": { "@types/d3-selection": "*" } }, ""],

    "@types/d3-brush": ["@types/d3-brush@3.0.6", "", { "dependencies": { "@types/d3-selection": "*" } }, ""],

    "@types/d3-chord": ["@types/d3-chord@3.0.6", "", {}, ""],

    "@types/d3-color": ["@types/d3-color@3.1.3", "", {}, ""],

    "@types/d3-contour": ["@types/d3-contour@3.0.6", "", { "dependencies": { "@types/d3-array": "*", "@types/geojson": "*" } }, ""],

    "@types/d3-delaunay": ["@types/d3-delaunay@6.0.4", "", {}, ""],

    "@types/d3-dispatch": ["@types/d3-dispatch@3.0.7", "", {}, ""],

    "@types/d3-drag": ["@types/d3-drag@3.0.7", "", { "dependencies": { "@types/d3-selection": "*" } }, ""],

    "@types/d3-dsv": ["@types/d3-dsv@3.0.7", "", {}, ""],

    "@types/d3-ease": ["@types/d3-ease@3.0.2", "", {}, ""],

    "@types/d3-fetch": ["@types/d3-fetch@3.0.7", "", { "dependencies": { "@types/d3-dsv": "*" } }, ""],

    "@types/d3-force": ["@types/d3-force@3.0.10", "", {}, ""],

    "@types/d3-format": ["@types/d3-format@3.0.4", "", {}, ""],

    "@types/d3-geo": ["@types/d3-geo@3.1.0", "", { "dependencies": { "@types/geojson": "*" } }, ""],

    "@types/d3-hierarchy": ["@types/d3-hierarchy@3.1.7", "", {}, ""],

    "@types/d3-interpolate": ["@types/d3-interpolate@3.0.4", "", { "dependencies": { "@types/d3-color": "*" } }, ""],

    "@types/d3-path": ["@types/d3-path@3.1.1", "", {}, ""],

    "@types/d3-polygon": ["@types/d3-polygon@3.0.2", "", {}, ""],

    "@types/d3-quadtree": ["@types/d3-quadtree@3.0.6", "", {}, ""],

    "@types/d3-random": ["@types/d3-random@3.0.3", "", {}, ""],

    "@types/d3-scale": ["@types/d3-scale@4.0.9", "", { "dependencies": { "@types/d3-time": "*" } }, ""],

    "@types/d3-scale-chromatic": ["@types/d3-scale-chromatic@3.1.0", "", {}, ""],

    "@types/d3-selection": ["@types/d3-selection@3.0.11", "", {}, ""],

    "@types/d3-shape": ["@types/d3-shape@3.1.8", "", { "dependencies": { "@types/d3-path": "*" } }, ""],

    "@types/d3-time": ["@types/d3-time@3.0.4", "", {}, ""],

    "@types/d3-time-format": ["@types/d3-time-format@4.0.3", "", {}, ""],

    "@types/d3-timer": ["@types/d3-timer@3.0.2", "", {}, ""],

    "@types/d3-transition": ["@types/d3-transition@3.0.9", "", { "dependencies": { "@types/d3-selection": "*" } }, ""],

    "@types/d3-zoom": ["@types/d3-zoom@3.0.8", "", { "dependencies": { "@types/d3-interpolate": "*", "@types/d3-selection": "*" } }, ""],

    "@types/estree": ["@types/estree@1.0.8", "", {}, ""],

    "@types/file-saver": ["@types/file-saver@2.0.7", "", {}, ""],

    "@types/geojson": ["@types/geojson@7946.0.16", "", {}, ""],

    "@types/js-yaml": ["@types/js-yaml@4.0.9", "", {}, ""],

    "@types/node": ["@types/node@25.2.3", "", { "dependencies": { "undici-types": "~7.16.0" } }, ""],

    "@types/prop-types": ["@types/prop-types@15.7.15", "", {}, ""],

    "@types/react": ["@types/react@18.3.28", "", { "dependencies": { "@types/prop-types": "*", "csstype": "^3.2.2" } }, ""],

    "@types/react-dom": ["@types/react-dom@18.3.7", "", { "peerDependencies": { "@types/react": "^18.0.0" } }, ""],

    "@types/react-window": ["@types/react-window@2.0.0", "", { "dependencies": { "react-window": "*" } }, ""],

    "@types/resolve": ["@types/resolve@1.20.2", "", {}, ""],

    "ansi-styles": ["ansi-styles@4.3.0", "", { "dependencies": { "color-convert": "^2.0.1" } }, ""],

    "any-promise": ["any-promise@1.3.0", "", {}, ""],

    "anymatch": ["anymatch@3.1.3", "", { "dependencies": { "normalize-path": "^3.0.0", "picomatch": "^2.0.4" } }, ""],

    "arg": ["arg@5.0.2", "", {}, ""],

    "argparse": ["argparse@2.0.1", "", {}, ""],

    "autoprefixer": ["autoprefixer@10.4.24", "", { "dependencies": { "browserslist": "^4.28.1", "caniuse-lite": "^1.0.30001766", "fraction.js": "^5.3.4", "picocolors": "^1.1.1", "postcss-value-parser": "^4.2.0" }, "peerDependencies": { "postcss": "^8.1.0" }, "bin": "bin/autoprefixer" }, ""],

    "balanced-match": ["balanced-match@1.0.2", "", {}, ""],

    "baseline-browser-mapping": ["baseline-browser-mapping@2.9.19", "", { "bin": "dist/cli.js" }, ""],

    "binary-extensions": ["binary-extensions@2.3.0", "", {}, ""],

    "boolbase": ["boolbase@1.0.0", "", {}, ""],

    "brace-expansion": ["brace-expansion@2.0.2", "", { "dependencies": { "balanced-match": "^1.0.0" } }, ""],

    "braces": ["braces@3.0.3", "", { "dependencies": { "fill-range": "^7.1.1" } }, ""],

    "browserslist": ["browserslist@4.28.1", "", { "dependencies": { "baseline-browser-mapping": "^2.9.0", "caniuse-lite": "^1.0.30001759", "electron-to-chromium": "^1.5.263", "node-releases": "^2.0.27", "update-browserslist-db": "^1.2.0" }, "bin": "cli.js" }, ""],

    "camelcase-css": ["camelcase-css@2.0.1", "", {}, ""],

    "caniuse-api": ["caniuse-api@3.0.0", "", { "dependencies": { "browserslist": "^4.0.0", "caniuse-lite": "^1.0.0", "lodash.memoize": "^4.1.2", "lodash.uniq": "^4.5.0" } }, ""],

    "caniuse-lite": ["caniuse-lite@1.0.30001770", "", {}, ""],

    "chalk": ["chalk@4.1.2", "", { "dependencies": { "ansi-styles": "^4.1.0", "supports-color": "^7.1.0" } }, ""],

    "chokidar": ["chokidar@3.6.0", "", { "dependencies": { "anymatch": "~3.1.2", "braces": "~3.0.2", "glob-parent": "~5.1.2", "is-binary-path": "~2.1.0", "is-glob": "~4.0.1", "normalize-path": "~3.0.0", "readdirp": "~3.6.0" }, "optionalDependencies": { "fsevents": "~2.3.2" } }, ""],

    "classcat": ["classcat@5.0.5", "", {}, ""],

    "clsx": ["clsx@2.1.1", "", {}, ""],

    "color-convert": ["color-convert@2.0.1", "", { "dependencies": { "color-name": "~1.1.4" } }, ""],

    "color-name": ["color-name@1.1.4", "", {}, ""],

    "colord": ["colord@2.9.3", "", {}, ""],

    "commander": ["commander@4.1.1", "", {}, ""],

    "commondir": ["commondir@1.0.1", "", {}, ""],

    "concat-with-sourcemaps": ["concat-with-sourcemaps@1.1.0", "", { "dependencies": { "source-map": "^0.6.1" } }, ""],

    "core-util-is": ["core-util-is@1.0.3", "", {}, ""],

    "css-declaration-sorter": ["css-declaration-sorter@6.4.1", "", { "peerDependencies": { "postcss": "^8.0.9" } }, ""],

    "css-select": ["css-select@4.3.0", "", { "dependencies": { "boolbase": "^1.0.0", "css-what": "^6.0.1", "domhandler": "^4.3.1", "domutils": "^2.8.0", "nth-check": "^2.0.1" } }, ""],

    "css-tree": ["css-tree@1.1.3", "", { "dependencies": { "mdn-data": "2.0.14", "source-map": "^0.6.1" } }, ""],

    "css-what": ["css-what@6.2.2", "", {}, ""],

    "cssesc": ["cssesc@3.0.0", "", { "bin": "bin/cssesc" }, ""],

    "cssnano": ["cssnano@5.1.15", "", { "dependencies": { "cssnano-preset-default": "^5.2.14", "lilconfig": "^2.0.3", "yaml": "^1.10.2" }, "peerDependencies": { "postcss": "^8.2.15" } }, ""],

    "cssnano-preset-default": ["cssnano-preset-default@5.2.14", "", { "dependencies": { "css-declaration-sorter": "^6.3.1", "cssnano-utils": "^3.1.0", "postcss-calc": "^8.2.3", "postcss-colormin": "^5.3.1", "postcss-convert-values": "^5.1.3", "postcss-discard-comments": "^5.1.2", "postcss-discard-duplicates": "^5.1.0", "postcss-discard-empty": "^5.1.1", "postcss-discard-overridden": "^5.1.0", "postcss-merge-longhand": "^5.1.7", "postcss-merge-rules": "^5.1.4", "postcss-minify-font-values": "^5.1.0", "postcss-minify-gradients": "^5.1.1", "postcss-minify-params": "^5.1.4", "postcss-minify-selectors": "^5.2.1", "postcss-normalize-charset": "^5.1.0", "postcss-normalize-display-values": "^5.1.0", "postcss-normalize-positions": "^5.1.1", "postcss-normalize-repeat-style": "^5.1.1", "postcss-normalize-string": "^5.1.0", "postcss-normalize-timing-functions": "^5.1.0", "postcss-normalize-unicode": "^5.1.1", "postcss-normalize-url": "^5.1.0", "postcss-normalize-whitespace": "^5.1.1", "postcss-ordered-values": "^5.1.3", "postcss-reduce-initial": "^5.1.2", "postcss-reduce-transforms": "^5.1.0", "postcss-svgo": "^5.1.0", "postcss-unique-selectors": "^5.1.1" }, "peerDependencies": { "postcss": "^8.2.15" } }, ""],

    "cssnano-utils": ["cssnano-utils@3.1.0", "", { "peerDependencies": { "postcss": "^8.2.15" } }, ""],

    "csso": ["csso@4.2.0", "", { "dependencies": { "css-tree": "^1.1.2" } }, ""],

    "csstype": ["csstype@3.2.3", "", {}, ""],

    "d3-color": ["d3-color@3.1.0", "", {}, ""],

    "d3-dispatch": ["d3-dispatch@3.0.1", "", {}, ""],

    "d3-drag": ["d3-drag@3.0.0", "", { "dependencies": { "d3-dispatch": "1 - 3", "d3-selection": "3" } }, ""],

    "d3-ease": ["d3-ease@3.0.1", "", {}, ""],

    "d3-interpolate": ["d3-interpolate@3.0.1", "", { "dependencies": { "d3-color": "1 - 3" } }, ""],

    "d3-selection": ["d3-selection@3.0.0", "", {}, ""],

    "d3-timer": ["d3-timer@3.0.1", "", {}, ""],

    "d3-transition": ["d3-transition@3.0.1", "", { "dependencies": { "d3-color": "1 - 3", "d3-dispatch": "1 - 3", "d3-ease": "1 - 3", "d3-interpolate": "1 - 3", "d3-timer": "1 - 3" }, "peerDependencies": { "d3-selection": "2 - 3" } }, ""],

    "d3-zoom": ["d3-zoom@3.0.0", "", { "dependencies": { "d3-dispatch": "1 - 3", "d3-drag": "2 - 3", "d3-interpolate": "1 - 3", "d3-selection": "2 - 3", "d3-transition": "2 - 3" } }, ""],

    "deepmerge": ["deepmerge@4.3.1", "", {}, ""],

    "didyoumean": ["didyoumean@1.2.2", "", {}, ""],

    "dlv": ["dlv@1.1.3", "", {}, ""],

    "dom-serializer": ["dom-serializer@1.4.1", "", { "dependencies": { "domelementtype": "^2.0.1", "domhandler": "^4.2.0", "entities": "^2.0.0" } }, ""],

    "domelementtype": ["domelementtype@2.3.0", "", {}, ""],

    "domhandler": ["domhandler@4.3.1", "", { "dependencies": { "domelementtype": "^2.2.0" } }, ""],

    "domutils": ["domutils@2.8.0", "", { "dependencies": { "dom-serializer": "^1.0.1", "domelementtype": "^2.2.0", "domhandler": "^4.2.0" } }, ""],

    "electron-to-chromium": ["electron-to-chromium@1.5.286", "", {}, ""],

    "entities": ["entities@2.2.0", "", {}, ""],

    "escalade": ["escalade@3.2.0", "", {}, ""],

    "estree-walker": ["estree-walker@2.0.2", "", {}, ""],

    "eventemitter3": ["eventemitter3@4.0.7", "", {}, ""],

    "fast-glob": ["fast-glob@3.3.3", "", { "dependencies": { "@nodelib/fs.stat": "^2.0.2", "@nodelib/fs.walk": "^1.2.3", "glob-parent": "^5.1.2", "merge2": "^1.3.0", "micromatch": "^4.0.8" } }, ""],

    "fastq": ["fastq@1.20.1", "", { "dependencies": { "reusify": "^1.0.4" } }, ""],

    "fdir": ["fdir@6.5.0", "", { "peerDependencies": { "picomatch": "^3 || ^4" } }, ""],

    "file-saver": ["file-saver@2.0.5", "", {}, ""],

    "fill-range": ["fill-range@7.1.1", "", { "dependencies": { "to-regex-range": "^5.0.1" } }, ""],

    "fraction.js": ["fraction.js@5.3.4", "", {}, ""],

    "fs.realpath": ["fs.realpath@1.0.0", "", {}, ""],

    "fsevents": ["fsevents@2.3.3", "", { "os": "darwin" }, "sha512-5xoDfX+fL7faATnagmWPpbFtwh/R77WmMMqqHGS65C3vvB0YHrgF+B1YmZ3441tMj5n63k0212XNoJwzlhffQw=="],

    "function-bind": ["function-bind@1.1.2", "", {}, ""],

    "generic-names": ["generic-names@4.0.0", "", { "dependencies": { "loader-utils": "^3.2.0" } }, ""],

    "glob": ["glob@8.1.0", "", { "dependencies": { "fs.realpath": "^1.0.0", "inflight": "^1.0.4", "inherits": "2", "minimatch": "^5.0.1", "once": "^1.3.0" } }, ""],

    "glob-parent": ["glob-parent@6.0.2", "", { "dependencies": { "is-glob": "^4.0.3" } }, ""],

    "has-flag": ["has-flag@4.0.0", "", {}, ""],

    "hasown": ["hasown@2.0.2", "", { "dependencies": { "function-bind": "^1.1.2" } }, ""],

    "icss-replace-symbols": ["icss-replace-symbols@1.1.0", "", {}, ""],

    "icss-utils": ["icss-utils@5.1.0", "", { "peerDependencies": { "postcss": "^8.1.0" } }, ""],

    "immediate": ["immediate@3.0.6", "", {}, ""],

    "import-cwd": ["import-cwd@3.0.0", "", { "dependencies": { "import-from": "^3.0.0" } }, ""],

    "import-from": ["import-from@3.0.0", "", { "dependencies": { "resolve-from": "^5.0.0" } }, ""],

    "inflight": ["inflight@1.0.6", "", { "dependencies": { "once": "^1.3.0", "wrappy": "1" } }, ""],

    "inherits": ["inherits@2.0.4", "", {}, ""],

    "is-binary-path": ["is-binary-path@2.1.0", "", { "dependencies": { "binary-extensions": "^2.0.0" } }, ""],

    "is-core-module": ["is-core-module@2.16.1", "", { "dependencies": { "hasown": "^2.0.2" } }, ""],

    "is-extglob": ["is-extglob@2.1.1", "", {}, ""],

    "is-glob": ["is-glob@4.0.3", "", { "dependencies": { "is-extglob": "^2.1.1" } }, ""],

    "is-module": ["is-module@1.0.0", "", {}, ""],

    "is-number": ["is-number@7.0.0", "", {}, ""],

    "is-reference": ["is-reference@1.2.1", "", { "dependencies": { "@types/estree": "*" } }, ""],

    "isarray": ["isarray@1.0.0", "", {}, ""],

    "jiti": ["jiti@1.21.7", "", { "bin": "bin/jiti.js" }, ""],

    "js-tokens": ["js-tokens@4.0.0", "", {}, ""],

    "js-yaml": ["js-yaml@4.1.1", "", { "dependencies": { "argparse": "^2.0.1" }, "bin": "bin/js-yaml.js" }, ""],

    "jszip": ["jszip@3.10.1", "", { "dependencies": { "lie": "~3.3.0", "pako": "~1.0.2", "readable-stream": "~2.3.6", "setimmediate": "^1.0.5" } }, ""],

    "lie": ["lie@3.3.0", "", { "dependencies": { "immediate": "~3.0.5" } }, ""],

    "lilconfig": ["lilconfig@3.1.3", "", {}, ""],

    "lines-and-columns": ["lines-and-columns@1.2.4", "", {}, ""],

    "loader-utils": ["loader-utils@3.3.1", "", {}, ""],

    "lodash.camelcase": ["lodash.camelcase@4.3.0", "", {}, ""],

    "lodash.memoize": ["lodash.memoize@4.1.2", "", {}, ""],

    "lodash.uniq": ["lodash.uniq@4.5.0", "", {}, ""],

    "loose-envify": ["loose-envify@1.4.0", "", { "dependencies": { "js-tokens": "^3.0.0 || ^4.0.0" }, "bin": "cli.js" }, ""],

    "lucide-react": ["lucide-react@0.564.0", "", { "peerDependencies": { "react": "^16.5.1 || ^17.0.0 || ^18.0.0 || ^19.0.0" } }, ""],

    "magic-string": ["magic-string@0.30.21", "", { "dependencies": { "@jridgewell/sourcemap-codec": "^1.5.5" } }, ""],

    "mdn-data": ["mdn-data@2.0.14", "", {}, ""],

    "merge2": ["merge2@1.4.1", "", {}, ""],

    "micromatch": ["micromatch@4.0.8", "", { "dependencies": { "braces": "^3.0.3", "picomatch": "^2.3.1" } }, ""],

    "minimatch": ["minimatch@5.1.6", "", { "dependencies": { "brace-expansion": "^2.0.1" } }, ""],

    "mz": ["mz@2.7.0", "", { "dependencies": { "any-promise": "^1.0.0", "object-assign": "^4.0.1", "thenify-all": "^1.0.0" } }, ""],

    "nanoid": ["nanoid@3.3.11", "", { "bin": "bin/nanoid.cjs" }, ""],

    "node-releases": ["node-releases@2.0.27", "", {}, ""],

    "normalize-path": ["normalize-path@3.0.0", "", {}, ""],

    "normalize-url": ["normalize-url@6.1.0", "", {}, ""],

    "nth-check": ["nth-check@2.1.1", "", { "dependencies": { "boolbase": "^1.0.0" } }, ""],

    "object-assign": ["object-assign@4.1.1", "", {}, ""],

    "object-hash": ["object-hash@3.0.0", "", {}, ""],

    "once": ["once@1.4.0", "", { "dependencies": { "wrappy": "1" } }, ""],

    "p-finally": ["p-finally@1.0.0", "", {}, ""],

    "p-queue": ["p-queue@6.6.2", "", { "dependencies": { "eventemitter3": "^4.0.4", "p-timeout": "^3.2.0" } }, ""],

    "p-timeout": ["p-timeout@3.2.0", "", { "dependencies": { "p-finally": "^1.0.0" } }, ""],

    "pako": ["pako@1.0.11", "", {}, ""],

    "path-parse": ["path-parse@1.0.7", "", {}, ""],

    "picocolors": ["picocolors@1.1.1", "", {}, ""],

    "picomatch": ["picomatch@4.0.3", "", {}, ""],

    "pify": ["pify@5.0.0", "", {}, ""],

    "pirates": ["pirates@4.0.7", "", {}, ""],

    "postcss": ["postcss@8.5.6", "", { "dependencies": { "nanoid": "^3.3.11", "picocolors": "^1.1.1", "source-map-js": "^1.2.1" } }, ""],

    "postcss-calc": ["postcss-calc@8.2.4", "", { "dependencies": { "postcss-selector-parser": "^6.0.9", "postcss-value-parser": "^4.2.0" }, "peerDependencies": { "postcss": "^8.2.2" } }, ""],

    "postcss-colormin": ["postcss-colormin@5.3.1", "", { "dependencies": { "browserslist": "^4.21.4", "caniuse-api": "^3.0.0", "colord": "^2.9.1", "postcss-value-parser": "^4.2.0" }, "peerDependencies": { "postcss": "^8.2.15" } }, ""],

    "postcss-convert-values": ["postcss-convert-values@5.1.3", "", { "dependencies": { "browserslist": "^4.21.4", "postcss-value-parser": "^4.2.0" }, "peerDependencies": { "postcss": "^8.2.15" } }, ""],

    "postcss-discard-comments": ["postcss-discard-comments@5.1.2", "", { "peerDependencies": { "postcss": "^8.2.15" } }, ""],

    "postcss-discard-duplicates": ["postcss-discard-duplicates@5.1.0", "", { "peerDependencies": { "postcss": "^8.2.15" } }, ""],

    "postcss-discard-empty": ["postcss-discard-empty@5.1.1", "", { "peerDependencies": { "postcss": "^8.2.15" } }, ""],

    "postcss-discard-overridden": ["postcss-discard-overridden@5.1.0", "", { "peerDependencies": { "postcss": "^8.2.15" } }, ""],

    "postcss-import": ["postcss-import@15.1.0", "", { "dependencies": { "postcss-value-parser": "^4.0.0", "read-cache": "^1.0.0", "resolve": "^1.1.7" }, "peerDependencies": { "postcss": "^8.0.0" } }, ""],

    "postcss-js": ["postcss-js@4.1.0", "", { "dependencies": { "camelcase-css": "^2.0.1" }, "peerDependencies": { "postcss": "^8.4.21" } }, ""],

    "postcss-load-config": ["postcss-load-config@3.1.4", "", { "dependencies": { "lilconfig": "^2.0.5", "yaml": "^1.10.2" }, "peerDependencies": { "postcss": ">=8.0.9", "ts-node": ">=9.0.0" }, "optionalPeers": ["ts-node"] }, ""],

    "postcss-merge-longhand": ["postcss-merge-longhand@5.1.7", "", { "dependencies": { "postcss-value-parser": "^4.2.0", "stylehacks": "^5.1.1" }, "peerDependencies": { "postcss": "^8.2.15" } }, ""],

    "postcss-merge-rules": ["postcss-merge-rules@5.1.4", "", { "dependencies": { "browserslist": "^4.21.4", "caniuse-api": "^3.0.0", "cssnano-utils": "^3.1.0", "postcss-selector-parser": "^6.0.5" }, "peerDependencies": { "postcss": "^8.2.15" } }, ""],

    "postcss-minify-font-values": ["postcss-minify-font-values@5.1.0", "", { "dependencies": { "postcss-value-parser": "^4.2.0" }, "peerDependencies": { "postcss": "^8.2.15" } }, ""],

    "postcss-minify-gradients": ["postcss-minify-gradients@5.1.1", "", { "dependencies": { "colord": "^2.9.1", "cssnano-utils": "^3.1.0", "postcss-value-parser": "^4.2.0" }, "peerDependencies": { "postcss": "^8.2.15" } }, ""],

    "postcss-minify-params": ["postcss-minify-params@5.1.4", "", { "dependencies": { "browserslist": "^4.21.4", "cssnano-utils": "^3.1.0", "postcss-value-parser": "^4.2.0" }, "peerDependencies": { "postcss": "^8.2.15" } }, ""],

    "postcss-minify-selectors": ["postcss-minify-selectors@5.2.1", "", { "dependencies": { "postcss-selector-parser": "^6.0.5" }, "peerDependencies": { "postcss": "^8.2.15" } }, ""],

    "postcss-modules": ["postcss-modules@4.3.1", "", { "dependencies": { "generic-names": "^4.0.0", "icss-replace-symbols": "^1.1.0", "lodash.camelcase": "^4.3.0", "postcss-modules-extract-imports": "^3.0.0", "postcss-modules-local-by-default": "^4.0.0", "postcss-modules-scope": "^3.0.0", "postcss-modules-values": "^4.0.0", "string-hash": "^1.1.1" }, "peerDependencies": { "postcss": "^8.0.0" } }, ""],

    "postcss-modules-extract-imports": ["postcss-modules-extract-imports@3.1.0", "", { "peerDependencies": { "postcss": "^8.1.0" } }, ""],

    "postcss-modules-local-by-default": ["postcss-modules-local-by-default@4.2.0", "", { "dependencies": { "icss-utils": "^5.0.0", "postcss-selector-parser": "^7.0.0", "postcss-value-parser": "^4.1.0" }, "peerDependencies": { "postcss": "^8.1.0" } }, ""],

    "postcss-modules-scope": ["postcss-modules-scope@3.2.1", "", { "dependencies": { "postcss-selector-parser": "^7.0.0" }, "peerDependencies": { "postcss": "^8.1.0" } }, ""],

    "postcss-modules-values": ["postcss-modules-values@4.0.0", "", { "dependencies": { "icss-utils": "^5.0.0" }, "peerDependencies": { "postcss": "^8.1.0" } }, ""],

    "postcss-nested": ["postcss-nested@6.2.0", "", { "dependencies": { "postcss-selector-parser": "^6.1.1" }, "peerDependencies": { "postcss": "^8.2.14" } }, ""],

    "postcss-normalize-charset": ["postcss-normalize-charset@5.1.0", "", { "peerDependencies": { "postcss": "^8.2.15" } }, ""],

    "postcss-normalize-display-values": ["postcss-normalize-display-values@5.1.0", "", { "dependencies": { "postcss-value-parser": "^4.2.0" }, "peerDependencies": { "postcss": "^8.2.15" } }, ""],

    "postcss-normalize-positions": ["postcss-normalize-positions@5.1.1", "", { "dependencies": { "postcss-value-parser": "^4.2.0" }, "peerDependencies": { "postcss": "^8.2.15" } }, ""],

    "postcss-normalize-repeat-style": ["postcss-normalize-repeat-style@5.1.1", "", { "dependencies": { "postcss-value-parser": "^4.2.0" }, "peerDependencies": { "postcss": "^8.2.15" } }, ""],

    "postcss-normalize-string": ["postcss-normalize-string@5.1.0", "", { "dependencies": { "postcss-value-parser": "^4.2.0" }, "peerDependencies": { "postcss": "^8.2.15" } }, ""],

    "postcss-normalize-timing-functions": ["postcss-normalize-timing-functions@5.1.0", "", { "dependencies": { "postcss-value-parser": "^4.2.0" }, "peerDependencies": { "postcss": "^8.2.15" } }, ""],

    "postcss-normalize-unicode": ["postcss-normalize-unicode@5.1.1", "", { "dependencies": { "browserslist": "^4.21.4", "postcss-value-parser": "^4.2.0" }, "peerDependencies": { "postcss": "^8.2.15" } }, ""],

    "postcss-normalize-url": ["postcss-normalize-url@5.1.0", "", { "dependencies": { "normalize-url": "^6.0.1", "postcss-value-parser": "^4.2.0" }, "peerDependencies": { "postcss": "^8.2.15" } }, ""],

    "postcss-normalize-whitespace": ["postcss-normalize-whitespace@5.1.1", "", { "dependencies": { "postcss-value-parser": "^4.2.0" }, "peerDependencies": { "postcss": "^8.2.15" } }, ""],

    "postcss-ordered-values": ["postcss-ordered-values@5.1.3", "", { "dependencies": { "cssnano-utils": "^3.1.0", "postcss-value-parser": "^4.2.0" }, "peerDependencies": { "postcss": "^8.2.15" } }, ""],

    "postcss-reduce-initial": ["postcss-reduce-initial@5.1.2", "", { "dependencies": { "browserslist": "^4.21.4", "caniuse-api": "^3.0.0" }, "peerDependencies": { "postcss": "^8.2.15" } }, ""],

    "postcss-reduce-transforms": ["postcss-reduce-transforms@5.1.0", "", { "dependencies": { "postcss-value-parser": "^4.2.0" }, "peerDependencies": { "postcss": "^8.2.15" } }, ""],

    "postcss-selector-parser": ["postcss-selector-parser@6.1.2", "", { "dependencies": { "cssesc": "^3.0.0", "util-deprecate": "^1.0.2" } }, ""],

    "postcss-svgo": ["postcss-svgo@5.1.0", "", { "dependencies": { "postcss-value-parser": "^4.2.0", "svgo": "^2.7.0" }, "peerDependencies": { "postcss": "^8.2.15" } }, ""],

    "postcss-unique-selectors": ["postcss-unique-selectors@5.1.1", "", { "dependencies": { "postcss-selector-parser": "^6.0.5" }, "peerDependencies": { "postcss": "^8.2.15" } }, ""],

    "postcss-value-parser": ["postcss-value-parser@4.2.0", "", {}, ""],

    "process-nextick-args": ["process-nextick-args@2.0.1", "", {}, ""],

    "promise.series": ["promise.series@0.2.0", "", {}, ""],

    "queue-microtask": ["queue-microtask@1.2.3", "", {}, ""],

    "react": ["react@18.3.1", "", { "dependencies": { "loose-envify": "^1.1.0" } }, ""],

    "react-dom": ["react-dom@18.3.1", "", { "dependencies": { "loose-envify": "^1.1.0", "scheduler": "^0.23.2" }, "peerDependencies": { "react": "^18.3.1" } }, ""],

    "react-window": ["react-window@2.2.7", "", { "peerDependencies": { "react": "^18.0.0 || ^19.0.0", "react-dom": "^18.0.0 || ^19.0.0" } }, ""],

    "reactflow": ["reactflow@11.10.1", "", { "dependencies": { "@reactflow/background": "11.3.6", "@reactflow/controls": "11.2.6", "@reactflow/core": "11.10.1", "@reactflow/minimap": "11.7.6", "@reactflow/node-resizer": "2.2.6", "@reactflow/node-toolbar": "1.3.6" }, "peerDependencies": { "react": ">=17", "react-dom": ">=17" } }, ""],

    "read-cache": ["read-cache@1.0.0", "", { "dependencies": { "pify": "^2.3.0" } }, ""],

    "readable-stream": ["readable-stream@2.3.8", "", { "dependencies": { "core-util-is": "~1.0.0", "inherits": "~2.0.3", "isarray": "~1.0.0", "process-nextick-args": "~2.0.0", "safe-buffer": "~5.1.1", "string_decoder": "~1.1.1", "util-deprecate": "~1.0.1" } }, ""],

    "readdirp": ["readdirp@3.6.0", "", { "dependencies": { "picomatch": "^2.2.1" } }, ""],

    "resolve": ["resolve@1.22.11", "", { "dependencies": { "is-core-module": "^2.16.1", "path-parse": "^1.0.7", "supports-preserve-symlinks-flag": "^1.0.0" }, "bin": "bin/resolve" }, ""],

    "resolve-from": ["resolve-from@5.0.0", "", {}, ""],

    "reusify": ["reusify@1.1.0", "", {}, ""],

    "rollup": ["rollup@4.57.1", "", { "dependencies": { "@types/estree": "1.0.8" }, "optionalDependencies": { "@rollup/rollup-android-arm-eabi": "4.57.1", "@rollup/rollup-android-arm64": "4.57.1", "@rollup/rollup-darwin-arm64": "4.57.1", "@rollup/rollup-darwin-x64": "4.57.1", "@rollup/rollup-freebsd-arm64": "4.57.1", "@rollup/rollup-freebsd-x64": "4.57.1", "@rollup/rollup-linux-arm-gnueabihf": "4.57.1", "@rollup/rollup-linux-arm-musleabihf": "4.57.1", "@rollup/rollup-linux-arm64-gnu": "4.57.1", "@rollup/rollup-linux-arm64-musl": "4.57.1", "@rollup/rollup-linux-loong64-gnu": "4.57.1", "@rollup/rollup-linux-loong64-musl": "4.57.1", "@rollup/rollup-linux-ppc64-gnu": "4.57.1", "@rollup/rollup-linux-ppc64-musl": "4.57.1", "@rollup/rollup-linux-riscv64-gnu": "4.57.1", "@rollup/rollup-linux-riscv64-musl": "4.57.1", "@rollup/rollup-linux-s390x-gnu": "4.57.1", "@rollup/rollup-linux-x64-gnu": "4.57.1", "@rollup/rollup-linux-x64-musl": "4.57.1", "@rollup/rollup-openbsd-x64": "4.57.1", "@rollup/rollup-openharmony-arm64": "4.57.1", "@rollup/rollup-win32-arm64-msvc": "4.57.1", "@rollup/rollup-win32-ia32-msvc": "4.57.1", "@rollup/rollup-win32-x64-gnu": "4.57.1", "@rollup/rollup-win32-x64-msvc": "4.57.1", "fsevents": "~2.3.2" }, "bin": "dist/bin/rollup" }, ""],

    "rollup-plugin-peer-deps-external": ["rollup-plugin-peer-deps-external@2.2.4", "", { "peerDependencies": { "rollup": "*" } }, ""],

    "rollup-plugin-postcss": ["rollup-plugin-postcss@4.0.2", "", { "dependencies": { "chalk": "^4.1.0", "concat-with-sourcemaps": "^1.1.0", "cssnano": "^5.0.1", "import-cwd": "^3.0.0", "p-queue": "^6.6.2", "pify": "^5.0.0", "postcss-load-config": "^3.0.0", "postcss-modules": "^4.0.0", "promise.series": "^0.2.0", "resolve": "^1.19.0", "rollup-pluginutils": "^2.8.2", "safe-identifier": "^0.4.2", "style-inject": "^0.3.0" }, "peerDependencies": { "postcss": "8.x" } }, ""],

    "rollup-pluginutils": ["rollup-pluginutils@2.8.2", "", { "dependencies": { "estree-walker": "^0.6.1" } }, ""],

    "run-parallel": ["run-parallel@1.2.0", "", { "dependencies": { "queue-microtask": "^1.2.2" } }, ""],

    "safe-buffer": ["safe-buffer@5.1.2", "", {}, ""],

    "safe-identifier": ["safe-identifier@0.4.2", "", {}, ""],

    "scheduler": ["scheduler@0.23.2", "", { "dependencies": { "loose-envify": "^1.1.0" } }, ""],

    "setimmediate": ["setimmediate@1.0.5", "", {}, ""],

    "source-map": ["source-map@0.6.1", "", {}, ""],

    "source-map-js": ["source-map-js@1.2.1", "", {}, ""],

    "stable": ["stable@0.1.8", "", {}, ""],

    "string-hash": ["string-hash@1.1.3", "", {}, ""],

    "string_decoder": ["string_decoder@1.1.1", "", { "dependencies": { "safe-buffer": "~5.1.0" } }, ""],

    "style-inject": ["style-inject@0.3.0", "", {}, ""],

    "stylehacks": ["stylehacks@5.1.1", "", { "dependencies": { "browserslist": "^4.21.4", "postcss-selector-parser": "^6.0.4" }, "peerDependencies": { "postcss": "^8.2.15" } }, ""],

    "sucrase": ["sucrase@3.35.1", "", { "dependencies": { "@jridgewell/gen-mapping": "^0.3.2", "commander": "^4.0.0", "lines-and-columns": "^1.1.6", "mz": "^2.7.0", "pirates": "^4.0.1", "tinyglobby": "^0.2.11", "ts-interface-checker": "^0.1.9" }, "bin": { "sucrase": "bin/sucrase", "sucrase-node": "bin/sucrase-node" } }, ""],

    "supports-color": ["supports-color@7.2.0", "", { "dependencies": { "has-flag": "^4.0.0" } }, ""],

    "supports-preserve-symlinks-flag": ["supports-preserve-symlinks-flag@1.0.0", "", {}, ""],

    "svgo": ["svgo@2.8.0", "", { "dependencies": { "@trysound/sax": "0.2.0", "commander": "^7.2.0", "css-select": "^4.1.3", "css-tree": "^1.1.3", "csso": "^4.2.0", "picocolors": "^1.0.0", "stable": "^0.1.8" }, "bin": "bin/svgo" }, ""],

    "tailwindcss": ["tailwindcss@3.4.19", "", { "dependencies": { "@alloc/quick-lru": "^5.2.0", "arg": "^5.0.2", "chokidar": "^3.6.0", "didyoumean": "^1.2.2", "dlv": "^1.1.3", "fast-glob": "^3.3.2", "glob-parent": "^6.0.2", "is-glob": "^4.0.3", "jiti": "^1.21.7", "lilconfig": "^3.1.3", "micromatch": "^4.0.8", "normalize-path": "^3.0.0", "object-hash": "^3.0.0", "picocolors": "^1.1.1", "postcss": "^8.4.47", "postcss-import": "^15.1.0", "postcss-js": "^4.0.1", "postcss-load-config": "^4.0.2 || ^5.0 || ^6.0", "postcss-nested": "^6.2.0", "postcss-selector-parser": "^6.1.2", "resolve": "^1.22.8", "sucrase": "^3.35.0" }, "bin": { "tailwind": "lib/cli.js", "tailwindcss": "lib/cli.js" } }, ""],

    "thenify": ["thenify@3.3.1", "", { "dependencies": { "any-promise": "^1.0.0" } }, ""],

    "thenify-all": ["thenify-all@1.6.0", "", { "dependencies": { "thenify": ">= 3.1.0 < 4" } }, ""],

    "tinyglobby": ["tinyglobby@0.2.15", "", { "dependencies": { "fdir": "^6.5.0", "picomatch": "^4.0.3" } }, ""],

    "to-regex-range": ["to-regex-range@5.0.1", "", { "dependencies": { "is-number": "^7.0.0" } }, ""],

    "ts-interface-checker": ["ts-interface-checker@0.1.13", "", {}, ""],

    "tslib": ["tslib@2.8.1", "", {}, ""],

    "typescript": ["typescript@5.9.3", "", { "bin": { "tsc": "bin/tsc", "tsserver": "bin/tsserver" } }, ""],

    "undici-types": ["undici-types@7.16.0", "", {}, ""],

    "update-browserslist-db": ["update-browserslist-db@1.2.3", "", { "dependencies": { "escalade": "^3.2.0", "picocolors": "^1.1.1" }, "peerDependencies": { "browserslist": ">= 4.21.0" }, "bin": "cli.js" }, ""],

    "use-sync-external-store": ["use-sync-external-store@1.6.0", "", { "peerDependencies": { "react": "^16.8.0 || ^17.0.0 || ^18.0.0 || ^19.0.0" } }, ""],

    "util-deprecate": ["util-deprecate@1.0.2", "", {}, ""],

    "wrappy": ["wrappy@1.0.2", "", {}, ""],

    "yaml": ["yaml@1.10.2", "", {}, ""],

    "zustand": ["zustand@4.5.7", "", { "dependencies": { "use-sync-external-store": "^1.2.2" }, "peerDependencies": { "@types/react": ">=16.8", "immer": ">=9.0.6", "react": ">=16.8" }, "optionalPeers": ["immer"] }, ""],

    "anymatch/picomatch": ["picomatch@2.3.1", "", {}, ""],

    "chokidar/glob-parent": ["glob-parent@5.1.2", "", { "dependencies": { "is-glob": "^4.0.1" } }, ""],

    "cssnano/lilconfig": ["lilconfig@2.1.0", "", {}, ""],

    "fast-glob/glob-parent": ["glob-parent@5.1.2", "", { "dependencies": { "is-glob": "^4.0.1" } }, ""],

    "micromatch/picomatch": ["picomatch@2.3.1", "", {}, ""],

    "postcss-load-config/lilconfig": ["lilconfig@2.1.0", "", {}, ""],

    "postcss-modules-local-by-default/postcss-selector-parser": ["postcss-selector-parser@7.1.1", "", { "dependencies": { "cssesc": "^3.0.0", "util-deprecate": "^1.0.2" } }, ""],

    "postcss-modules-scope/postcss-selector-parser": ["postcss-selector-parser@7.1.1", "", { "dependencies": { "cssesc": "^3.0.0", "util-deprecate": "^1.0.2" } }, ""],

    "read-cache/pify": ["pify@2.3.0", "", {}, ""],

    "readdirp/picomatch": ["picomatch@2.3.1", "", {}, ""],

    "rollup-pluginutils/estree-walker": ["estree-walker@0.6.1", "", {}, ""],

    "svgo/commander": ["commander@7.2.0", "", {}, ""],

    "tailwindcss/postcss-load-config": ["postcss-load-config@6.0.1", "", { "dependencies": { "lilconfig": "^3.1.1" }, "peerDependencies": { "jiti": ">=1.21.0", "postcss": ">=8.0.9", "tsx": "^4.8.1", "yaml": "^2.4.2" }, "optionalPeers": ["tsx"] }, ""],
  }
}
